# This file is automatically @generated by Cargo.
# It is not intended for manual editing.
version = 4

[[package]]
name = "adler2"
version = "2.0.1"
source = "registry+https://github.com/rust-lang/crates.io-index"
checksum = "320119579fcad9c21884f5c4861d16174d0e06250625266f50fe6898340abefa"

[[package]]
name = "audiotags"
version = "0.5.0"
source = "registry+https://github.com/rust-lang/crates.io-index"
checksum = "44e797ce0164cf599c71f2c3849b56301d96a3dc033544588e875686b050ed39"
dependencies = [
 "audiotags-macro",
 "id3",
 "metaflac",
 "mp4ameta",
 "readme-rustdocifier",
 "thiserror",
]

[[package]]
name = "audiotags-macro"
version = "0.2.0"
source = "registry+https://github.com/rust-lang/crates.io-index"
checksum = "8eaa9b2312fc01f7291f3b7b0f52ed08b1c0177c96a2e696ab55695cc4d06889"

[[package]]
name = "bitflags"
version = "2.9.4"
source = "registry+https://github.com/rust-lang/crates.io-index"
checksum = "2261d10cca569e4643e526d8dc2e62e433cc8aba21ab764233731f8d369bf394"

[[package]]
name = "byteorder"
version = "1.5.0"
source = "registry+https://github.com/rust-lang/crates.io-index"
checksum = "1fd0f2584146f6f2ef48085050886acf353beff7305ebd1ae69500e27c67f64b"

[[package]]
name = "cfg-if"
version = "1.0.3"
source = "registry+https://github.com/rust-lang/crates.io-index"
checksum = "2fd1289c04a9ea8cb22300a459a72a385d7c73d3259e2ed7dcb2af674838cfa9"

[[package]]
name = "crc32fast"
version = "1.5.0"
source = "registry+https://github.com/rust-lang/crates.io-index"
checksum = "9481c1c90cbf2ac953f07c8d4a58aa3945c425b7185c9154d67a65e4230da511"
dependencies = [
 "cfg-if",
]

[[package]]
name = "flate2"
version = "1.1.2"
source = "registry+https://github.com/rust-lang/crates.io-index"
checksum = "4a3d7db9596fecd151c5f638c0ee5d5bd487b6e0ea232e5dc96d5250f6f94b1d"
dependencies = [
 "crc32fast",
 "miniz_oxide",
]

[[package]]
name = "hex"
version = "0.4.3"
source = "registry+https://github.com/rust-lang/crates.io-index"
checksum = "7f24254aa9a54b5c858eaee2f5bccdb46aaf0e486a595ed5fd8f86ba55232a70"

[[package]]
name = "id3"
version = "1.16.3"
source = "registry+https://github.com/rust-lang/crates.io-index"
checksum = "aadb14a5ba1a0d58ecd4a29bfc9b8f1d119eee24aa01a62c1ec93eb9630a1d86"
dependencies = [
 "bitflags",
 "byteorder",
 "flate2",
]

[[package]]
name = "lazy_static"
version = "1.5.0"
source = "registry+https://github.com/rust-lang/crates.io-index"
checksum = "bbd2bcb4c963f2ddae06a2efc7e9f3591312473c50c6685e1f298068316e66fe"

[[package]]
name = "metaflac"
version = "0.2.8"
source = "registry+https://github.com/rust-lang/crates.io-index"
checksum = "fdf25a3451319c52a4a56d956475fbbb763bfb8420e2187d802485cb0fd8d965"
dependencies = [
 "byteorder",
 "hex",
]

[[package]]
name = "miniz_oxide"
version = "0.8.9"
source = "registry+https://github.com/rust-lang/crates.io-index"
checksum = "1fa76a2c86f704bdb222d66965fb3d63269ce38518b83cb0575fca855ebb6316"
dependencies = [
 "adler2",
]

[[package]]
name = "mp4ameta"
version = "0.11.0"
source = "registry+https://github.com/rust-lang/crates.io-index"
checksum = "eb23d62e8eb5299a3f79657c70ea9269eac8f6239a76952689bcd06a74057e81"
dependencies = [
 "lazy_static",
 "mp4ameta_proc",
]

[[package]]
name = "mp4ameta_proc"
version = "0.6.0"
source = "registry+https://github.com/rust-lang/crates.io-index"
checksum = "07dcca13d1740c0a665f77104803360da0bdb3323ecce2e93fa2c959a6d52806"

[[package]]
name = "proc-macro2"
version = "1.0.101"
source = "registry+https://github.com/rust-lang/crates.io-index"
checksum = "89ae43fd86e4158d6db51ad8e2b80f313af9cc74f5c0e03ccb87de09998732de"
dependencies = [
 "unicode-ident",
]

[[package]]
name = "quote"
version = "1.0.40"
source = "registry+https://github.com/rust-lang/crates.io-index"
checksum = "1885c039570dc00dcb4ff087a89e185fd56bae234ddc7f056a945bf36467248d"
dependencies = [
 "proc-macro2",
]

[[package]]
name = "readme-rustdocifier"
version = "0.1.1"
source = "registry+https://github.com/rust-lang/crates.io-index"
checksum = "08ad765b21a08b1a8e5cdce052719188a23772bcbefb3c439f0baaf62c56ceac"

[[package]]
name = "syn"
version = "2.0.106"
source = "registry+https://github.com/rust-lang/crates.io-index"
checksum = "ede7c438028d4436d71104916910f5bb611972c5cfd7f89b8300a8186e6fada6"
dependencies = [
 "proc-macro2",
 "quote",
 "unicode-ident",
]

[[package]]
name = "tags_from_name"
version = "0.1.0"
dependencies = [
 "audiotags",
]

[[package]]
name = "thiserror"
version = "1.0.69"
source = "registry+https://github.com/rust-lang/crates.io-index"
checksum = "b6aaf5339b578ea85b50e080feb250a3e8ae8cfcdff9a461c9ec2904bc923f52"
dependencies = [
 "thiserror-impl",
]

[[package]]
name = "thiserror-impl"
version = "1.0.69"
source = "registry+https://github.com/rust-lang/crates.io-index"
checksum = "4fee6c4efc90059e10f81e6d42c60a18f76588c3d74cb83a0b242a2b6c7504c1"
dependencies = [
 "proc-macro2",
 "quote",
 "syn",
]

[[package]]
name = "unicode-ident"
version = "1.0.18"
source = "registry+https://github.com/rust-lang/crates.io-index"
checksum = "5a5f39404a5da50712a4c1eecf25e90dd62b613502b7e925fd4e4d19b5c96512"
